
Microsoft Visual Studio Solution File, Format Version 12.00
# Visual Studio Version 17
VisualStudioVersion = 17.5.33516.290
MinimumVisualStudioVersion = 10.0.40219.1
Project("{FAE04EC0-301F-11D3-BF4B-00C04F79EFBC}") = "TreinoKaiky", "TreinoKaiky\TreinoKaiky.csproj", "{76A463EF-EF50-4FF2-8C1A-82D6E9D0C693}"
EndProject
Global
	GlobalSection(SolutionConfigurationPlatforms) = preSolution
		Debug|Any CPU = Debug|Any CPU
		Release|Any CPU = Release|Any CPU
	EndGlobalSection
	GlobalSection(ProjectConfigurationPlatforms) = postSolution
		{76A463EF-EF50-4FF2-8C1A-82D6E9D0C693}.Debug|Any CPU.ActiveCfg = Debug|Any CPU
		{76A463EF-EF50-4FF2-8C1A-82D6E9D0C693}.Debug|Any CPU.Build.0 = Debug|Any CPU
		{76A463EF-EF50-4FF2-8C1A-82D6E9D0C693}.Release|Any CPU.ActiveCfg = Release|Any CPU
		{76A463EF-EF50-4FF2-8C1A-82D6E9D0C693}.Release|Any CPU.Build.0 = Release|Any CPU
	EndGlobalSection
	GlobalSection(SolutionProperties) = preSolution
		HideSolutionNode = FALSE
	EndGlobalSection
	GlobalSection(ExtensibilityGlobals) = postSolution
		SolutionGuid = {EC50ECA3-934D-4F49-99DE-0827C2D5422E}
	EndGlobalSection
EndGlobal
